# THIS IS AN AUTOGENERATED FILE. DO NOT EDIT THIS FILE DIRECTLY.
# yarn lockfile v1


openclaw@^0.0.1:
  version "0.0.1"
  resolved "https://registry.npmjs.org/openclaw/-/openclaw-0.0.1.tgz"
  integrity sha512-RjBpKUdV8BeVBDWd3vJi4Okl7AwDwC/yKsP6tf89CQIH+B+M6J0SsxkyJqd5Kc/c4bZkJ7mWYSd4eYo4Jzc7mA==

pipx@^1.0.1:
  version "1.0.1"
  resolved "https://registry.npmjs.org/pipx/-/pipx-1.0.1.tgz"
  integrity sha512-mp9BRGzPtW1fENFrt4rxVkdpd/oaIyOJRq7UiK9Ftuv4McvEae5gSB13W1JzsozpQdMYC3api+X0XmUL3hZziw==
